// !$*UTF8*$!
{
	archiveVersion = 1;
	classes = {
	};
	objectVersion = 56;
	objects = {

/* Begin PBXBuildFile section */
		793E4C0F6A4B63B8C0558726 /* Pods_Instagram.framework in Frameworks */ = {isa = PBXBuildFile; fileRef = FF6899F03F52C7E5F6C6A758 /* Pods_Instagram.framework */; };
		E744101D2B062B3100CB8D05 /* GoogleService-Info.plist in Resources */ = {isa = PBXBuildFile; fileRef = E744101C2B062B3100CB8D05 /* GoogleService-Info.plist */; };
		E744101F2B08D03800CB8D05 /* Const.swift in Sources */ = {isa = PBXBuildFile; fileRef = E744101E2B08D03800CB8D05 /* Const.swift */; };
		E74410212B103AFA00CB8D05 /* PostData.swift in Sources */ = {isa = PBXBuildFile; fileRef = E74410202B103AFA00CB8D05 /* PostData.swift */; };
		E74410262B103C6D00CB8D05 /* PostTableViewCell.swift in Sources */ = {isa = PBXBuildFile; fileRef = E74410242B103C6D00CB8D05 /* PostTableViewCell.swift */; };
		E74410272B103C6D00CB8D05 /* PostTableViewCell.xib in Resources */ = {isa = PBXBuildFile; fileRef = E74410252B103C6D00CB8D05 /* PostTableViewCell.xib */; };
		E744105B2B10757100CB8D05 /* CommentViewData.swift in Sources */ = {isa = PBXBuildFile; fileRef = E744105A2B10757100CB8D05 /* CommentViewData.swift */; };
		E77A76FD2AF707AC005A7BDB /* TabBarController.swift in Sources */ = {isa = PBXBuildFile; fileRef = E77A76FC2AF707AC005A7BDB /* TabBarController.swift */; };
		E7DB21C32AF658C700637CD8 /* AppDelegate.swift in Sources */ = {isa = PBXBuildFile; fileRef = E7DB21C22AF658C700637CD8 /* AppDelegate.swift */; };
		E7DB21C52AF658C700637CD8 /* SceneDelegate.swift in Sources */ = {isa = PBXBuildFile; fileRef = E7DB21C42AF658C700637CD8 /* SceneDelegate.swift */; };
		E7DB21CA2AF658C700637CD8 /* Main.storyboard in Resources */ = {isa = PBXBuildFile; fileRef = E7DB21C82AF658C700637CD8 /* Main.storyboard */; };
		E7DB21CC2AF658C800637CD8 /* Assets.xcassets in Resources */ = {isa = PBXBuildFile; fileRef = E7DB21CB2AF658C800637CD8 /* Assets.xcassets */; };
		E7DB21CF2AF658C800637CD8 /* LaunchScreen.storyboard in Resources */ = {isa = PBXBuildFile; fileRef = E7DB21CD2AF658C800637CD8 /* LaunchScreen.storyboard */; };
		E7DB21D72AF6598900637CD8 /* LoginViewController.swift in Sources */ = {isa = PBXBuildFile; fileRef = E7DB21D62AF6598900637CD8 /* LoginViewController.swift */; };
		E7DB21D92AF659EC00637CD8 /* HomeViewController.swift in Sources */ = {isa = PBXBuildFile; fileRef = E7DB21D82AF659EC00637CD8 /* HomeViewController.swift */; };
		E7DB21DB2AF65A0D00637CD8 /* ImageSelectViewController.swift in Sources */ = {isa = PBXBuildFile; fileRef = E7DB21DA2AF65A0D00637CD8 /* ImageSelectViewController.swift */; };
		E7DB21DD2AF65A2B00637CD8 /* PostViewController.swift in Sources */ = {isa = PBXBuildFile; fileRef = E7DB21DC2AF65A2B00637CD8 /* PostViewController.swift */; };
		E7DB21DF2AF65A4900637CD8 /* SettingViewController.swift in Sources */ = {isa = PBXBuildFile; fileRef = E7DB21DE2AF65A4900637CD8 /* SettingViewController.swift */; };
/* End PBXBuildFile section */

/* Begin PBXFileReference section */
		8420EF0040B077A90F9AA27A /* Pods-Instagram.release.xcconfig */ = {isa = PBXFileReference; includeInIndex = 1; lastKnownFileType = text.xcconfig; name = "Pods-Instagram.release.xcconfig"; path = "Target Support Files/Pods-Instagram/Pods-Instagram.release.xcconfig"; sourceTree = "<group>"; };
		B89041205F49E18D8292F4E9 /* Pods-Instagram.debug.xcconfig */ = {isa = PBXFileReference; includeInIndex = 1; lastKnownFileType = text.xcconfig; name = "Pods-Instagram.debug.xcconfig"; path = "Target Support Files/Pods-Instagram/Pods-Instagram.debug.xcconfig"; sourceTree = "<group>"; };
		E744101C2B062B3100CB8D05 /* GoogleService-Info.plist */ = {isa = PBXFileReference; fileEncoding = 4; lastKnownFileType = text.plist.xml; path = "GoogleService-Info.plist"; sourceTree = "<group>"; };
		E744101E2B08D03800CB8D05 /* Const.swift */ = {isa = PBXFileReference; lastKnownFileType = sourcecode.swift; path = Const.swift; sourceTree = "<group>"; };
		E74410202B103AFA00CB8D05 /* PostData.swift */ = {isa = PBXFileReference; lastKnownFileType = sourcecode.swift; path = PostData.swift; sourceTree = "<group>"; };
		E74410242B103C6D00CB8D05 /* PostTableViewCell.swift */ = {isa = PBXFileReference; lastKnownFileType = sourcecode.swift; path = PostTableViewCell.swift; sourceTree = "<group>"; };
		E74410252B103C6D00CB8D05 /* PostTableViewCell.xib */ = {isa = PBXFileReference; lastKnownFileType = file.xib; path = PostTableViewCell.xib; sourceTree = "<group>"; };
		E744105A2B10757100CB8D05 /* CommentViewData.swift */ = {isa = PBXFileReference; lastKnownFileType = sourcecode.swift; path = CommentViewData.swift; sourceTree = "<group>"; };
		E77A76FC2AF707AC005A7BDB /* TabBarController.swift */ = {isa = PBXFileReference; lastKnownFileType = sourcecode.swift; path = TabBarController.swift; sourceTree = "<group>"; };
		E7DB21BF2AF658C700637CD8 /* Instagram.app */ = {isa = PBXFileReference; explicitFileType = wrapper.application; includeInIndex = 0; path = Instagram.app; sourceTree = BUILT_PRODUCTS_DIR; };
		E7DB21C22AF658C700637CD8 /* AppDelegate.swift */ = {isa = PBXFileReference; lastKnownFileType = sourcecode.swift; path = AppDelegate.swift; sourceTree = "<group>"; };
		E7DB21C42AF658C700637CD8 /* SceneDelegate.swift */ = {isa = PBXFileReference; lastKnownFileType = sourcecode.swift; path = SceneDelegate.swift; sourceTree = "<group>"; };
		E7DB21C92AF658C700637CD8 /* Base */ = {isa = PBXFileReference; lastKnownFileType = file.storyboard; name = Base; path = Base.lproj/Main.storyboard; sourceTree = "<group>"; };
		E7DB21CB2AF658C800637CD8 /* Assets.xcassets */ = {isa = PBXFileReference; lastKnownFileType = folder.assetcatalog; path = Assets.xcassets; sourceTree = "<group>"; };
		E7DB21CE2AF658C800637CD8 /* Base */ = {isa = PBXFileReference; lastKnownFileType = file.storyboard; name = Base; path = Base.lproj/LaunchScreen.storyboard; sourceTree = "<group>"; };
		E7DB21D02AF658C800637CD8 /* Info.plist */ = {isa = PBXFileReference; lastKnownFileType = text.plist.xml; path = Info.plist; sourceTree = "<group>"; };
		E7DB21D62AF6598900637CD8 /* LoginViewController.swift */ = {isa = PBXFileReference; lastKnownFileType = sourcecode.swift; path = LoginViewController.swift; sourceTree = "<group>"; };
		E7DB21D82AF659EC00637CD8 /* HomeViewController.swift */ = {isa = PBXFileReference; lastKnownFileType = sourcecode.swift; path = HomeViewController.swift; sourceTree = "<group>"; };
		E7DB21DA2AF65A0D00637CD8 /* ImageSelectViewController.swift */ = {isa = PBXFileReference; lastKnownFileType = sourcecode.swift; path = ImageSelectViewController.swift; sourceTree = "<group>"; };
		E7DB21DC2AF65A2B00637CD8 /* PostViewController.swift */ = {isa = PBXFileReference; lastKnownFileType = sourcecode.swift; path = PostViewController.swift; sourceTree = "<group>"; };
		E7DB21DE2AF65A4900637CD8 /* SettingViewController.swift */ = {isa = PBXFileReference; lastKnownFileType = sourcecode.swift; path = SettingViewController.swift; sourceTree = "<group>"; };
		FF6899F03F52C7E5F6C6A758 /* Pods_Instagram.framework */ = {isa = PBXFileReference; explicitFileType = wrapper.framework; includeInIndex = 0; path = Pods_Instagram.framework; sourceTree = BUILT_PRODUCTS_DIR; };
/* End PBXFileReference section */

/* Begin PBXFrameworksBuildPhase section */
		E7DB21BC2AF658C700637CD8 /* Frameworks */ = {
			isa = PBXFrameworksBuildPhase;
			buildActionMask = 2147483647;
			files = (
				793E4C0F6A4B63B8C0558726 /* Pods_Instagram.framework in Frameworks */,
			);
			runOnlyForDeploymentPostprocessing = 0;
		};
/* End PBXFrameworksBuildPhase section */

/* Begin PBXGroup section */
		32D2B69DAF09C550BA2BE78A /* Frameworks */ = {
			isa = PBXGroup;
			children = (
				FF6899F03F52C7E5F6C6A758 /* Pods_Instagram.framework */,
			);
			name = Frameworks;
			sourceTree = "<group>";
		};
		677C7F18E87288040F18D72E /* Pods */ = {
			isa = PBXGroup;
			children = (
				B89041205F49E18D8292F4E9 /* Pods-Instagram.debug.xcconfig */,
				8420EF0040B077A90F9AA27A /* Pods-Instagram.release.xcconfig */,
			);
			path = Pods;
			sourceTree = "<group>";
		};
		E7DB21B62AF658C700637CD8 = {
			isa = PBXGroup;
			children = (
				E7DB21C12AF658C700637CD8 /* Instagram */,
				E7DB21C02AF658C700637CD8 /* Products */,
				677C7F18E87288040F18D72E /* Pods */,
				32D2B69DAF09C550BA2BE78A /* Frameworks */,
			);
			sourceTree = "<group>";
		};
		E7DB21C02AF658C700637CD8 /* Products */ = {
			isa = PBXGroup;
			children = (
				E7DB21BF2AF658C700637CD8 /* Instagram.app */,
			);
			name = Products;
			sourceTree = "<group>";
		};
		E7DB21C12AF658C700637CD8 /* Instagram */ = {
			isa = PBXGroup;
			children = (
				E7DB21C22AF658C700637CD8 /* AppDelegate.swift */,
				E7DB21C42AF658C700637CD8 /* SceneDelegate.swift */,
				E7DB21C82AF658C700637CD8 /* Main.storyboard */,
				E744101E2B08D03800CB8D05 /* Const.swift */,
				E77A76FC2AF707AC005A7BDB /* TabBarController.swift */,
				E7DB21D62AF6598900637CD8 /* LoginViewController.swift */,
				E74410202B103AFA00CB8D05 /* PostData.swift */,
				E74410242B103C6D00CB8D05 /* PostTableViewCell.swift */,
				E74410252B103C6D00CB8D05 /* PostTableViewCell.xib */,
				E744105A2B10757100CB8D05 /* CommentViewData.swift */,
				E7DB21D82AF659EC00637CD8 /* HomeViewController.swift */,
				E7DB21DA2AF65A0D00637CD8 /* ImageSelectViewController.swift */,
				E7DB21DC2AF65A2B00637CD8 /* PostViewController.swift */,
				E7DB21DE2AF65A4900637CD8 /* SettingViewController.swift */,
				E7DB21CB2AF658C800637CD8 /* Assets.xcassets */,
				E7DB21CD2AF658C800637CD8 /* LaunchScreen.storyboard */,
				E7DB21D02AF658C800637CD8 /* Info.plist */,
				E744101C2B062B3100CB8D05 /* GoogleService-Info.plist */,
			);
			path = Instagram;
			sourceTree = "<group>";
		};
/* End PBXGroup section */

/* Begin PBXNativeTarget section */
		E7DB21BE2AF658C700637CD8 /* Instagram */ = {
			isa = PBXNativeTarget;
			buildConfigurationList = E7DB21D32AF658C800637CD8 /* Build configuration list for PBXNativeTarget "Instagram" */;
			buildPhases = (
				82AA7BAA55DAABA7327E8180 /* [CP] Check Pods Manifest.lock */,
				E7DB21BB2AF658C700637CD8 /* Sources */,
				E7DB21BC2AF658C700637CD8 /* Frameworks */,
				E7DB21BD2AF658C700637CD8 /* Resources */,
				F8CC8D31FF2FB8D7AB324117 /* [CP] Embed Pods Frameworks */,
			);
			buildRules = (
			);
			dependencies = (
			);
			name = Instagram;
			productName = Instagram;
			productReference = E7DB21BF2AF658C700637CD8 /* Instagram.app */;
			productType = "com.apple.product-type.application";
		};
/* End PBXNativeTarget section */

/* Begin PBXProject section */
		E7DB21B72AF658C700637CD8 /* Project object */ = {
			isa = PBXProject;
			attributes = {
				BuildIndependentTargetsInParallel = 1;
				LastSwiftUpdateCheck = 1410;
				LastUpgradeCheck = 1410;
				TargetAttributes = {
					E7DB21BE2AF658C700637CD8 = {
						CreatedOnToolsVersion = 14.1;
					};
				};
			};
			buildConfigurationList = E7DB21BA2AF658C700637CD8 /* Build configuration list for PBXProject "Instagram" */;
			compatibilityVersion = "Xcode 14.0";
			developmentRegion = en;
			hasScannedForEncodings = 0;
			knownRegions = (
				en,
				Base,
			);
			mainGroup = E7DB21B62AF658C700637CD8;
			productRefGroup = E7DB21C02AF658C700637CD8 /* Products */;
			projectDirPath = "";
			projectRoot = "";
			targets = (
				E7DB21BE2AF658C700637CD8 /* Instagram */,
			);
		};
/* End PBXProject section */

/* Begin PBXResourcesBuildPhase section */
		E7DB21BD2AF658C700637CD8 /* Resources */ = {
			isa = PBXResourcesBuildPhase;
			buildActionMask = 2147483647;
			files = (
				E7DB21CF2AF658C800637CD8 /* LaunchScreen.storyboard in Resources */,
				E74410272B103C6D00CB8D05 /* PostTableViewCell.xib in Resources */,
				E744101D2B062B3100CB8D05 /* GoogleService-Info.plist in Resources */,
				E7DB21CC2AF658C800637CD8 /* Assets.xcassets in Resources */,
				E7DB21CA2AF658C700637CD8 /* Main.storyboard in Resources */,
			);
			runOnlyForDeploymentPostprocessing = 0;
		};
/* End PBXResourcesBuildPhase section */

/* Begin PBXShellScriptBuildPhase section */
		82AA7BAA55DAABA7327E8180 /* [CP] Check Pods Manifest.lock */ = {
			isa = PBXShellScriptBuildPhase;
			buildActionMask = 2147483647;
			files = (
			);
			inputFileListPaths = (
			);
			inputPaths = (
				"${PODS_PODFILE_DIR_PATH}/Podfile.lock",
				"${PODS_ROOT}/Manifest.lock",
			);
			name = "[CP] Check Pods Manifest.lock";
			outputFileListPaths = (
			);
			outputPaths = (
				"$(DERIVED_FILE_DIR)/Pods-Instagram-checkManifestLockResult.txt",
			);
			runOnlyForDeploymentPostprocessing = 0;
			shellPath = /bin/sh;
			shellScript = "diff \"${PODS_PODFILE_DIR_PATH}/Podfile.lock\" \"${PODS_ROOT}/Manifest.lock\" > /dev/null\nif [ $? != 0 ] ; then\n    # print error to STDERR\n    echo \"error: The sandbox is not in sync with the Podfile.lock. Run 'pod install' or update your CocoaPods installation.\" >&2\n    exit 1\nfi\n# This output is used by Xcode 'outputs' to avoid re-running this script phase.\necho \"SUCCESS\" > \"${SCRIPT_OUTPUT_FILE_0}\"\n";
			showEnvVarsInLog = 0;
		};
		F8CC8D31FF2FB8D7AB324117 /* [CP] Embed Pods Frameworks */ = {
			isa = PBXShellScriptBuildPhase;
			buildActionMask = 2147483647;
			files = (
			);
			inputFileListPaths = (
				"${PODS_ROOT}/Target Support Files/Pods-Instagram/Pods-Instagram-frameworks-${CONFIGURATION}-input-files.xcfilelist",
			);
			name = "[CP] Embed Pods Frameworks";
			outputFileListPaths = (
				"${PODS_ROOT}/Target Support Files/Pods-Instagram/Pods-Instagram-frameworks-${CONFIGURATION}-output-files.xcfilelist",
			);
			runOnlyForDeploymentPostprocessing = 0;
			shellPath = /bin/sh;
			shellScript = "\"${PODS_ROOT}/Target Support Files/Pods-Instagram/Pods-Instagram-frameworks.sh\"\n";
			showEnvVarsInLog = 0;
		};
/* End PBXShellScriptBuildPhase section */

/* Begin PBXSourcesBuildPhase section */
		E7DB21BB2AF658C700637CD8 /* Sources */ = {
			isa = PBXSourcesBuildPhase;
			buildActionMask = 2147483647;
			files = (
				E74410262B103C6D00CB8D05 /* PostTableViewCell.swift in Sources */,
				E744105B2B10757100CB8D05 /* CommentViewData.swift in Sources */,
				E7DB21DB2AF65A0D00637CD8 /* ImageSelectViewController.swift in Sources */,
				E77A76FD2AF707AC005A7BDB /* TabBarController.swift in Sources */,
				E7DB21D92AF659EC00637CD8 /* HomeViewController.swift in Sources */,
				E7DB21DD2AF65A2B00637CD8 /* PostViewController.swift in Sources */,
				E7DB21DF2AF65A4900637CD8 /* SettingViewController.swift in Sources */,
				E74410212B103AFA00CB8D05 /* PostData.swift in Sources */,
				E7DB21D72AF6598900637CD8 /* LoginViewController.swift in Sources */,
				E7DB21C32AF658C700637CD8 /* AppDelegate.swift in Sources */,
				E7DB21C52AF658C700637CD8 /* SceneDelegate.swift in Sources */,
				E744101F2B08D03800CB8D05 /* Const.swift in Sources */,
			);
			runOnlyForDeploymentPostprocessing = 0;
		};
/* End PBXSourcesBuildPhase section */

/* Begin PBXVariantGroup section */
		E7DB21C82AF658C700637CD8 /* Main.storyboard */ = {
			isa = PBXVariantGroup;
			children = (
				E7DB21C92AF658C700637CD8 /* Base */,
			);
			name = Main.storyboard;
			sourceTree = "<group>";
		};
		E7DB21CD2AF658C800637CD8 /* LaunchScreen.storyboard */ = {
			isa = PBXVariantGroup;
			children = (
				E7DB21CE2AF658C800637CD8 /* Base */,
			);
			name = LaunchScreen.storyboard;
			sourceTree = "<group>";
		};
/* End PBXVariantGroup section */

/* Begin XCBuildConfiguration section */
		E7DB21D12AF658C800637CD8 /* Debug */ = {
			isa = XCBuildConfiguration;
			buildSettings = {
				ALWAYS_SEARCH_USER_PATHS = NO;
				CLANG_ANALYZER_NONNULL = YES;
				CLANG_ANALYZER_NUMBER_OBJECT_CONVERSION = YES_AGGRESSIVE;
				CLANG_CXX_LANGUAGE_STANDARD = "gnu++20";
				CLANG_ENABLE_MODULES = YES;
				CLANG_ENABLE_OBJC_ARC = YES;
				CLANG_ENABLE_OBJC_WEAK = YES;
				CLANG_WARN_BLOCK_CAPTURE_AUTORELEASING = YES;
				CLANG_WARN_BOOL_CONVERSION = YES;
				CLANG_WARN_COMMA = YES;
				CLANG_WARN_CONSTANT_CONVERSION = YES;
				CLANG_WARN_DEPRECATED_OBJC_IMPLEMENTATIONS = YES;
				CLANG_WARN_DIRECT_OBJC_ISA_USAGE = YES_ERROR;
				CLANG_WARN_DOCUMENTATION_COMMENTS = YES;
				CLANG_WARN_EMPTY_BODY = YES;
				CLANG_WARN_ENUM_CONVERSION = YES;
				CLANG_WARN_INFINITE_RECURSION = YES;
				CLANG_WARN_INT_CONVERSION = YES;
				CLANG_WARN_NON_LITERAL_NULL_CONVERSION = YES;
				CLANG_WARN_OBJC_IMPLICIT_RETAIN_SELF = YES;
				CLANG_WARN_OBJC_LITERAL_CONVERSION = YES;
				CLANG_WARN_OBJC_ROOT_CLASS = YES_ERROR;
				CLANG_WARN_QUOTED_INCLUDE_IN_FRAMEWORK_HEADER = YES;
				CLANG_WARN_RANGE_LOOP_ANALYSIS = YES;
				CLANG_WARN_STRICT_PROTOTYPES = YES;
				CLANG_WARN_SUSPICIOUS_MOVE = YES;
				CLANG_WARN_UNGUARDED_AVAILABILITY = YES_AGGRESSIVE;
				CLANG_WARN_UNREACHABLE_CODE = YES;
				CLANG_WARN__DUPLICATE_METHOD_MATCH = YES;
				COPY_PHASE_STRIP = NO;
				DEBUG_INFORMATION_FORMAT = dwarf;
				ENABLE_STRICT_OBJC_MSGSEND = YES;
				ENABLE_TESTABILITY = YES;
				GCC_C_LANGUAGE_STANDARD = gnu11;
				GCC_DYNAMIC_NO_PIC = NO;
				GCC_NO_COMMON_BLOCKS = YES;
				GCC_OPTIMIZATION_LEVEL = 0;
				GCC_PREPROCESSOR_DEFINITIONS = (
					"DEBUG=1",
					"$(inherited)",
				);
				GCC_WARN_64_TO_32_BIT_CONVERSION = YES;
				GCC_WARN_ABOUT_RETURN_TYPE = YES_ERROR;
				GCC_WARN_UNDECLARED_SELECTOR = YES;
				GCC_WARN_UNINITIALIZED_AUTOS = YES_AGGRESSIVE;
				GCC_WARN_UNUSED_FUNCTION = YES;
				GCC_WARN_UNUSED_VARIABLE = YES;
				IPHONEOS_DEPLOYMENT_TARGET = 16.1;
				MTL_ENABLE_DEBUG_INFO = INCLUDE_SOURCE;
				MTL_FAST_MATH = YES;
				ONLY_ACTIVE_ARCH = YES;
				SDKROOT = iphoneos;
				SWIFT_ACTIVE_COMPILATION_CONDITIONS = DEBUG;
				SWIFT_OPTIMIZATION_LEVEL = "-Onone";
			};
			name = Debug;
		};
		E7DB21D22AF658C800637CD8 /* Release */ = {
			isa = XCBuildConfiguration;
			buildSettings = {
				ALWAYS_SEARCH_USER_PATHS = NO;
				CLANG_ANALYZER_NONNULL = YES;
				CLANG_ANALYZER_NUMBER_OBJECT_CONVERSION = YES_AGGRESSIVE;
				CLANG_CXX_LANGUAGE_STANDARD = "gnu++20";
				CLANG_ENABLE_MODULES = YES;
				CLANG_ENABLE_OBJC_ARC = YES;
				CLANG_ENABLE_OBJC_WEAK = YES;
				CLANG_WARN_BLOCK_CAPTURE_AUTORELEASING = YES;
				CLANG_WARN_BOOL_CONVERSION = YES;
				CLANG_WARN_COMMA = YES;
				CLANG_WARN_CONSTANT_CONVERSION = YES;
				CLANG_WARN_DEPRECATED_OBJC_IMPLEMENTATIONS = YES;
				CLANG_WARN_DIRECT_OBJC_ISA_USAGE = YES_ERROR;
				CLANG_WARN_DOCUMENTATION_COMMENTS = YES;
				CLANG_WARN_EMPTY_BODY = YES;
				CLANG_WARN_ENUM_CONVERSION = YES;
				CLANG_WARN_INFINITE_RECURSION = YES;
				CLANG_WARN_INT_CONVERSION = YES;
				CLANG_WARN_NON_LITERAL_NULL_CONVERSION = YES;
				CLANG_WARN_OBJC_IMPLICIT_RETAIN_SELF = YES;
				CLANG_WARN_OBJC_LITERAL_CONVERSION = YES;
				CLANG_WARN_OBJC_ROOT_CLASS = YES_ERROR;
				CLANG_WARN_QUOTED_INCLUDE_IN_FRAMEWORK_HEADER = YES;
				CLANG_WARN_RANGE_LOOP_ANALYSIS = YES;
				CLANG_WARN_STRICT_PROTOTYPES = YES;
				CLANG_WARN_SUSPICIOUS_MOVE = YES;
				CLANG_WARN_UNGUARDED_AVAILABILITY = YES_AGGRESSIVE;
				CLANG_WARN_UNREACHABLE_CODE = YES;
				CLANG_WARN__DUPLICATE_METHOD_MATCH = YES;
				COPY_PHASE_STRIP = NO;
				DEBUG_INFORMATION_FORMAT = "dwarf-with-dsym";
				ENABLE_NS_ASSERTIONS = NO;
				ENABLE_STRICT_OBJC_MSGSEND = YES;
				GCC_C_LANGUAGE_STANDARD = gnu11;
				GCC_NO_COMMON_BLOCKS = YES;
				GCC_WARN_64_TO_32_BIT_CONVERSION = YES;
				GCC_WARN_ABOUT_RETURN_TYPE = YES_ERROR;
				GCC_WARN_UNDECLARED_SELECTOR = YES;
				GCC_WARN_UNINITIALIZED_AUTOS = YES_AGGRESSIVE;
				GCC_WARN_UNUSED_FUNCTION = YES;
				GCC_WARN_UNUSED_VARIABLE = YES;
				IPHONEOS_DEPLOYMENT_TARGET = 16.1;
				MTL_ENABLE_DEBUG_INFO = NO;
				MTL_FAST_MATH = YES;
				SDKROOT = iphoneos;
				SWIFT_COMPILATION_MODE = wholemodule;
				SWIFT_OPTIMIZATION_LEVEL = "-O";
				VALIDATE_PRODUCT = YES;
			};
			name = Release;
		};
		E7DB21D42AF658C800637CD8 /* Debug */ = {
			isa = XCBuildConfiguration;
			baseConfigurationReference = B89041205F49E18D8292F4E9 /* Pods-Instagram.debug.xcconfig */;
			buildSettings = {
				ASSETCATALOG_COMPILER_APPICON_NAME = AppIcon;
				ASSETCATALOG_COMPILER_GLOBAL_ACCENT_COLOR_NAME = AccentColor;
				CODE_SIGN_STYLE = Automatic;
				CURRENT_PROJECT_VERSION = 1;
				DEVELOPMENT_TEAM = 4KP96URVSF;
				GENERATE_INFOPLIST_FILE = YES;
				INFOPLIST_FILE = Instagram/Info.plist;
				INFOPLIST_KEY_LSApplicationCategoryType = "";
				INFOPLIST_KEY_NSCameraUsageDescription = "本アプリは、画像の投稿及び編集のため、カメラの使用許可を求めます。";
				INFOPLIST_KEY_UIApplicationSupportsIndirectInputEvents = YES;
				INFOPLIST_KEY_UILaunchStoryboardName = LaunchScreen;
				INFOPLIST_KEY_UIMainStoryboardFile = Main;
				INFOPLIST_KEY_UISupportedInterfaceOrientations = UIInterfaceOrientationPortrait;
				INFOPLIST_KEY_UISupportedInterfaceOrientations_iPad = "UIInterfaceOrientationLandscapeLeft UIInterfaceOrientationLandscapeRight UIInterfaceOrientationPortrait UIInterfaceOrientationPortraitUpsideDown";
				IPHONEOS_DEPLOYMENT_TARGET = 16.1;
				LD_RUNPATH_SEARCH_PATHS = (
					"$(inherited)",
					"@executable_path/Frameworks",
				);
				MARKETING_VERSION = 1.0;
				ONLY_ACTIVE_ARCH = YES;
				PRODUCT_BUNDLE_IDENTIFIER = jp.techacademy.saki.mizuno.Instagram;
				PRODUCT_NAME = "$(TARGET_NAME)";
				SUPPORTED_PLATFORMS = "iphoneos iphonesimulator";
				SUPPORTS_MACCATALYST = NO;
				SUPPORTS_MAC_DESIGNED_FOR_IPHONE_IPAD = NO;
				SWIFT_EMIT_LOC_STRINGS = YES;
				SWIFT_VERSION = 5.0;
				TARGETED_DEVICE_FAMILY = 1;
			};
			name = Debug;
		};
		E7DB21D52AF658C800637CD8 /* Release */ = {
			isa = XCBuildConfiguration;
			baseConfigurationReference = 8420EF0040B077A90F9AA27A /* Pods-Instagram.release.xcconfig */;
			buildSettings = {
				ASSETCATALOG_COMPILER_APPICON_NAME = AppIcon;
				ASSETCATALOG_COMPILER_GLOBAL_ACCENT_COLOR_NAME = AccentColor;
				CODE_SIGN_STYLE = Automatic;
				CURRENT_PROJECT_VERSION = 1;
				DEVELOPMENT_TEAM = 4KP96URVSF;
				GENERATE_INFOPLIST_FILE = YES;
				INFOPLIST_FILE = Instagram/Info.plist;
				INFOPLIST_KEY_LSApplicationCategoryType = "";
				INFOPLIST_KEY_NSCameraUsageDescription = "本アプリは、画像の投稿及び編集のため、カメラの使用許可を求めます。";
				INFOPLIST_KEY_UIApplicationSupportsIndirectInputEvents = YES;
				INFOPLIST_KEY_UILaunchStoryboardName = LaunchScreen;
				INFOPLIST_KEY_UIMainStoryboardFile = Main;
				INFOPLIST_KEY_UISupportedInterfaceOrientations = UIInterfaceOrientationPortrait;
				INFOPLIST_KEY_UISupportedInterfaceOrientations_iPad = "UIInterfaceOrientationLandscapeLeft UIInterfaceOrientationLandscapeRight UIInterfaceOrientationPortrait UIInterfaceOrientationPortraitUpsideDown";
				IPHONEOS_DEPLOYMENT_TARGET = 16.1;
				LD_RUNPATH_SEARCH_PATHS = (
					"$(inherited)",
					"@executable_path/Frameworks",
				);
				MARKETING_VERSION = 1.0;
				PRODUCT_BUNDLE_IDENTIFIER = jp.techacademy.saki.mizuno.Instagram;
				PRODUCT_NAME = "$(TARGET_NAME)";
				SUPPORTED_PLATFORMS = "iphoneos iphonesimulator";
				SUPPORTS_MACCATALYST = NO;
				SUPPORTS_MAC_DESIGNED_FOR_IPHONE_IPAD = NO;
				SWIFT_EMIT_LOC_STRINGS = YES;
				SWIFT_VERSION = 5.0;
				TARGETED_DEVICE_FAMILY = 1;
			};
			name = Release;
		};
/* End XCBuildConfiguration section */

/* Begin XCConfigurationList section */
		E7DB21BA2AF658C700637CD8 /* Build configuration list for PBXProject "Instagram" */ = {
			isa = XCConfigurationList;
			buildConfigurations = (
				E7DB21D12AF658C800637CD8 /* Debug */,
				E7DB21D22AF658C800637CD8 /* Release */,
			);
			defaultConfigurationIsVisible = 0;
			defaultConfigurationName = Release;
		};
		E7DB21D32AF658C800637CD8 /* Build configuration list for PBXNativeTarget "Instagram" */ = {
			isa = XCConfigurationList;
			buildConfigurations = (
				E7DB21D42AF658C800637CD8 /* Debug */,
				E7DB21D52AF658C800637CD8 /* Release */,
			);
			defaultConfigurationIsVisible = 0;
			defaultConfigurationName = Release;
		};
/* End XCConfigurationList section */
	};
	rootObject = E7DB21B72AF658C700637CD8 /* Project object */;
}
